
Microsoft Visual Studio Solution File, Format Version 12.00
# Visual Studio Version 17
VisualStudioVersion = 17.13.35825.156
MinimumVisualStudioVersion = 10.0.40219.1
Project("{FAE04EC0-301F-11D3-BF4B-00C04F79EFBC}") = "AutomationFramework_v4.8", "AutomationFramework\AutomationFramework_v4.8.csproj", "{4091D691-81DC-427F-BB69-EB5264F0F60F}"
EndProject
Global
	GlobalSection(SolutionConfigurationPlatforms) = preSolution
		Debug|Any CPU = Debug|Any CPU
		Release|Any CPU = Release|Any CPU
	EndGlobalSection
	GlobalSection(ProjectConfigurationPlatforms) = postSolution
		{4091D691-81DC-427F-BB69-EB5264F0F60F}.Debug|Any CPU.ActiveCfg = Debug|Any CPU
		{4091D691-81DC-427F-BB69-EB5264F0F60F}.Debug|Any CPU.Build.0 = Debug|Any CPU
		{4091D691-81DC-427F-BB69-EB5264F0F60F}.Release|Any CPU.ActiveCfg = Release|Any CPU
		{4091D691-81DC-427F-BB69-EB5264F0F60F}.Release|Any CPU.Build.0 = Release|Any CPU
	EndGlobalSection
	GlobalSection(SolutionProperties) = preSolution
		HideSolutionNode = FALSE
	EndGlobalSection
	GlobalSection(ExtensibilityGlobals) = postSolution
		SolutionGuid = {A1FF033D-F9C5-45BB-B6C2-0F76AE7403E1}
	EndGlobalSection
EndGlobal
